Microsoft Visual Studio Solution File, Format Version 11.00
# Visual Studio 2008

Project("{48E016E7-74B7-43F5-25A1-73578DEEBBD1}") = "Assignment2-COMP305-2DPlatformer-master123", "Assembly-CSharp.csproj", "{03021594-8CD8-347C-AD2F-9965FAA4B59B}"
EndProject
Project("{48E016E7-74B7-43F5-25A1-73578DEEBBD1}") = "Assignment2-COMP305-2DPlatformer-master123", "Assembly-CSharp-Editor.csproj", "{C7ED8BD9-A79C-036E-46D9-1E6096754546}"
EndProject
Global
	GlobalSection(SolutionConfigurationPlatforms) = preSolution
		Debug|Any CPU = Debug|Any CPU
		Release|Any CPU = Release|Any CPU
	EndGlobalSection
	GlobalSection(ProjectConfigurationPlatforms) = postSolution
		{03021594-8CD8-347C-AD2F-9965FAA4B59B}.Debug|Any CPU.ActiveCfg = Debug|Any CPU
		{03021594-8CD8-347C-AD2F-9965FAA4B59B}.Debug|Any CPU.Build.0 = Debug|Any CPU
		{03021594-8CD8-347C-AD2F-9965FAA4B59B}.Release|Any CPU.ActiveCfg = Release|Any CPU
		{03021594-8CD8-347C-AD2F-9965FAA4B59B}.Release|Any CPU.Build.0 = Release|Any CPU
		{C7ED8BD9-A79C-036E-46D9-1E6096754546}.Debug|Any CPU.ActiveCfg = Debug|Any CPU
		{C7ED8BD9-A79C-036E-46D9-1E6096754546}.Debug|Any CPU.Build.0 = Debug|Any CPU
		{C7ED8BD9-A79C-036E-46D9-1E6096754546}.Release|Any CPU.ActiveCfg = Release|Any CPU
		{C7ED8BD9-A79C-036E-46D9-1E6096754546}.Release|Any CPU.Build.0 = Release|Any CPU
	EndGlobalSection
	GlobalSection(SolutionProperties) = preSolution
		HideSolutionNode = FALSE
	EndGlobalSection
	GlobalSection(MonoDevelopProperties) = preSolution
		StartupItem = Assembly-CSharp.csproj
		Policies = $0
		$0.TextStylePolicy = $1
		$1.inheritsSet = null
		$1.scope = text/x-csharp
		$0.CSharpFormattingPolicy = $2
		$2.inheritsSet = Mono
		$2.inheritsScope = text/x-csharp
		$2.scope = text/x-csharp
		$0.TextStylePolicy = $3
		$3.FileWidth = 120
		$3.TabWidth = 4
		$3.IndentWidth = 4
		$3.EolMarker = Unix
		$3.inheritsSet = Mono
		$3.inheritsScope = text/plain
		$3.scope = text/plain
	EndGlobalSection
EndGlobal
