Microsoft Visual Studio Solution File, Format Version 11.00
# Visual Studio 2008

Project("{53B7B40A-70D5-C7CF-9DF4-3823EA71E109}") = "COMP305Project-master", "Assembly-CSharp.csproj", "{D5280867-C41C-5400-9C69-3686E38ADB71}"
EndProject
Project("{53B7B40A-70D5-C7CF-9DF4-3823EA71E109}") = "COMP305Project-master", "Assembly-CSharp-Editor.csproj", "{DB7B48DD-FC44-06AC-F1F1-8B2E25D36361}"
EndProject
Global
	GlobalSection(SolutionConfigurationPlatforms) = preSolution
		Debug|Any CPU = Debug|Any CPU
		Release|Any CPU = Release|Any CPU
	EndGlobalSection
	GlobalSection(ProjectConfigurationPlatforms) = postSolution
		{D5280867-C41C-5400-9C69-3686E38ADB71}.Debug|Any CPU.ActiveCfg = Debug|Any CPU
		{D5280867-C41C-5400-9C69-3686E38ADB71}.Debug|Any CPU.Build.0 = Debug|Any CPU
		{D5280867-C41C-5400-9C69-3686E38ADB71}.Release|Any CPU.ActiveCfg = Release|Any CPU
		{D5280867-C41C-5400-9C69-3686E38ADB71}.Release|Any CPU.Build.0 = Release|Any CPU
		{DB7B48DD-FC44-06AC-F1F1-8B2E25D36361}.Debug|Any CPU.ActiveCfg = Debug|Any CPU
		{DB7B48DD-FC44-06AC-F1F1-8B2E25D36361}.Debug|Any CPU.Build.0 = Debug|Any CPU
		{DB7B48DD-FC44-06AC-F1F1-8B2E25D36361}.Release|Any CPU.ActiveCfg = Release|Any CPU
		{DB7B48DD-FC44-06AC-F1F1-8B2E25D36361}.Release|Any CPU.Build.0 = Release|Any CPU
	EndGlobalSection
	GlobalSection(SolutionProperties) = preSolution
		HideSolutionNode = FALSE
	EndGlobalSection
														GlobalSection(MonoDevelopProperties) = preSolution
		StartupItem = Assembly-CSharp.csproj
		Policies = $0
		$0.TextStylePolicy = $1
		$1.inheritsSet = null
		$1.scope = text/x-csharp
		$0.CSharpFormattingPolicy = $2
		$2.inheritsSet = Mono
		$2.inheritsScope = text/x-csharp
		$2.scope = text/x-csharp
		$0.TextStylePolicy = $3
		$3.FileWidth = 120
		$3.TabWidth = 4
		$3.IndentWidth = 4
		$3.EolMarker = Unix
		$3.inheritsSet = Mono
		$3.inheritsScope = text/plain
		$3.scope = text/plain
	EndGlobalSection

EndGlobal
